
Microsoft Visual Studio Solution File, Format Version 12.00
# Visual Studio Version 17
VisualStudioVersion = 17.7.34031.279
MinimumVisualStudioVersion = 10.0.40219.1
Project("{FAE04EC0-301F-11D3-BF4B-00C04F79EFBC}") = "csharpdemo1", "csharpdemo1.csproj", "{2525450A-9BBB-4E0F-9480-81C675ACC2EE}"
EndProject
Global
	GlobalSection(SolutionConfigurationPlatforms) = preSolution
		Debug|Any CPU = Debug|Any CPU
		Release|Any CPU = Release|Any CPU
	EndGlobalSection
	GlobalSection(ProjectConfigurationPlatforms) = postSolution
		{2525450A-9BBB-4E0F-9480-81C675ACC2EE}.Debug|Any CPU.ActiveCfg = Debug|Any CPU
		{2525450A-9BBB-4E0F-9480-81C675ACC2EE}.Debug|Any CPU.Build.0 = Debug|Any CPU
		{2525450A-9BBB-4E0F-9480-81C675ACC2EE}.Release|Any CPU.ActiveCfg = Release|Any CPU
		{2525450A-9BBB-4E0F-9480-81C675ACC2EE}.Release|Any CPU.Build.0 = Release|Any CPU
	EndGlobalSection
	GlobalSection(SolutionProperties) = preSolution
		HideSolutionNode = FALSE
	EndGlobalSection
	GlobalSection(ExtensibilityGlobals) = postSolution
		SolutionGuid = {5D7F7DA7-8943-4F33-8DDA-A9C1D2E12B6A}
	EndGlobalSection
EndGlobal
